{
  "pins" : [
    {
      "identity" : "semaphore",
      "kind" : "remoteSourceControl",
      "location" : "git@github.com:groue/Semaphore",
      "state" : {
        "revision" : "f1c4a0acabeb591068dea6cffdd39660b86dec28",
        "version" : "0.0.8"
      }
    },
    {
      "identity" : "swift-collections",
      "kind" : "remoteSourceControl",
      "location" : "https://github.com/apple/swift-collections",
      "state" : {
        "revision" : "937e904258d22af6e447a0b72c0bc67583ef64a2",
        "version" : "1.0.4"
      }
    },
    {
      "identity" : "swift-identified-collections",
      "kind" : "remoteSourceControl",
      "location" : "https://github.com/pointfreeco/swift-identified-collections",
      "state" : {
        "revision" : "fd34c544ad27f3ba6b19142b348005bfa85b6005",
        "version" : "0.6.0"
      }
    }
  ],
  "version" : 2
}
