// !$*UTF8*$!
{
	archiveVersion = 1;
	classes = {
	};
	objectVersion = 56;
	objects = {

/* Begin PBXBuildFile section */
		EA01123C299521F600AEEE55 /* iOSAppDelegate.swift in Sources */ = {isa = PBXBuildFile; fileRef = EA01123B299521F500AEEE55 /* iOSAppDelegate.swift */; };
		EA01123E2995220100AEEE55 /* macOSAppDelegate.swift in Sources */ = {isa = PBXBuildFile; fileRef = EA01123D2995220100AEEE55 /* macOSAppDelegate.swift */; };
		EA0112422995300800AEEE55 /* IdentifiedCollections in Frameworks */ = {isa = PBXBuildFile; productRef = EA0112412995300800AEEE55 /* IdentifiedCollections */; };
		EA0250D229B37CBE006B1465 /* Store+Preview.swift in Sources */ = {isa = PBXBuildFile; fileRef = EA0250D129B37CBE006B1465 /* Store+Preview.swift */; };
		EA048C4729B9C65800FAF487 /* ThoughtsUITestsFixtures.swift in Sources */ = {isa = PBXBuildFile; fileRef = EA048C4629B9C65800FAF487 /* ThoughtsUITestsFixtures.swift */; };
		EA0B206F298E65CF00462577 /* ThoughtsApp.swift in Sources */ = {isa = PBXBuildFile; fileRef = EA0B206E298E65CF00462577 /* ThoughtsApp.swift */; };
		EA0B2071298E65CF00462577 /* ThoughtsView.swift in Sources */ = {isa = PBXBuildFile; fileRef = EA0B2070298E65CF00462577 /* ThoughtsView.swift */; };
		EA0B2073298E65D000462577 /* Assets.xcassets in Resources */ = {isa = PBXBuildFile; fileRef = EA0B2072298E65D000462577 /* Assets.xcassets */; };
		EA0B2077298E65D000462577 /* Preview Assets.xcassets in Resources */ = {isa = PBXBuildFile; fileRef = EA0B2076298E65D000462577 /* Preview Assets.xcassets */; };
		EA0B208B298E65D000462577 /* ThoughtsUITests.swift in Sources */ = {isa = PBXBuildFile; fileRef = EA0B208A298E65D000462577 /* ThoughtsUITests.swift */; };
		EA0B208D298E65D000462577 /* ThoughtsUITestsLaunchTests.swift in Sources */ = {isa = PBXBuildFile; fileRef = EA0B208C298E65D000462577 /* ThoughtsUITestsLaunchTests.swift */; };
		EA103186298E679C004819F5 /* OneThoughtView.swift in Sources */ = {isa = PBXBuildFile; fileRef = EA103185298E679C004819F5 /* OneThoughtView.swift */; };
		EA103189298E6B45004819F5 /* Store.swift in Sources */ = {isa = PBXBuildFile; fileRef = EA103188298E6B45004819F5 /* Store.swift */; };
		EA10318B298E6B6B004819F5 /* OneThoughtViewModel.swift in Sources */ = {isa = PBXBuildFile; fileRef = EA10318A298E6B6B004819F5 /* OneThoughtViewModel.swift */; };
		EA103190298E707C004819F5 /* ThoughtsViewModel.swift in Sources */ = {isa = PBXBuildFile; fileRef = EA10318F298E707C004819F5 /* ThoughtsViewModel.swift */; };
		EA4279F429B3947E00BAE0CE /* Store+Live.swift in Sources */ = {isa = PBXBuildFile; fileRef = EA4279F329B3947E00BAE0CE /* Store+Live.swift */; };
		EA588CEF29913ED400DBACAA /* Canopy in Frameworks */ = {isa = PBXBuildFile; productRef = EA588CEE29913ED400DBACAA /* Canopy */; };
		EA5A949B29B36BAD0049CB07 /* UserDefaultsPreferencesService.swift in Sources */ = {isa = PBXBuildFile; fileRef = EA5A949A29B36BAD0049CB07 /* UserDefaultsPreferencesService.swift */; };
		EA6E1CB729AE639A009195C6 /* CanopyTestTools in Frameworks */ = {isa = PBXBuildFile; productRef = EA6E1CB629AE639A009195C6 /* CanopyTestTools */; };
		EA6E1CBB29AE63B2009195C6 /* CanopyTestTools in Frameworks */ = {isa = PBXBuildFile; productRef = EA6E1CBA29AE63B2009195C6 /* CanopyTestTools */; };
		EA768BBE29A161D800C65A00 /* SharedAppDelegate.swift in Sources */ = {isa = PBXBuildFile; fileRef = EA768BBD29A161D800C65A00 /* SharedAppDelegate.swift */; };
		EA768BC029A164CC00C65A00 /* Store+Mock.swift in Sources */ = {isa = PBXBuildFile; fileRef = EA768BBF29A164CC00C65A00 /* Store+Mock.swift */; };
		EA7D901B29912E0600E1CCE3 /* LocalCacheServiceType.swift in Sources */ = {isa = PBXBuildFile; fileRef = EA7D901A29912E0600E1CCE3 /* LocalCacheServiceType.swift */; };
		EA7D901D29912F0A00E1CCE3 /* MockLocalCacheService.swift in Sources */ = {isa = PBXBuildFile; fileRef = EA7D901C29912F0A00E1CCE3 /* MockLocalCacheService.swift */; };
		EA7D901F2991303F00E1CCE3 /* LocalCacheService.swift in Sources */ = {isa = PBXBuildFile; fileRef = EA7D901E2991303F00E1CCE3 /* LocalCacheService.swift */; };
		EA8B781229AE45290057E87D /* CanopyTestTools in Frameworks */ = {isa = PBXBuildFile; productRef = EA8B781129AE45290057E87D /* CanopyTestTools */; };
		EA8B781629AE453E0057E87D /* CanopyTestTools in Frameworks */ = {isa = PBXBuildFile; productRef = EA8B781529AE453E0057E87D /* CanopyTestTools */; };
		EAB6B92A29918EE0005DF614 /* CloudKitServiceType.swift in Sources */ = {isa = PBXBuildFile; fileRef = EAB6B92929918EE0005DF614 /* CloudKitServiceType.swift */; };
		EAB6B92C29918F7A005DF614 /* CloudKitService.swift in Sources */ = {isa = PBXBuildFile; fileRef = EAB6B92B29918F7A005DF614 /* CloudKitService.swift */; };
		EAB6B9302991A032005DF614 /* StoreTests.swift in Sources */ = {isa = PBXBuildFile; fileRef = EAB6B92F2991A032005DF614 /* StoreTests.swift */; };
		EACA3F5829B6311B00390A91 /* ThoughtRowView.swift in Sources */ = {isa = PBXBuildFile; fileRef = EACA3F5729B6311B00390A91 /* ThoughtRowView.swift */; };
		EAD69EAE29B9124600B53673 /* CloudKitService+Preview.swift in Sources */ = {isa = PBXBuildFile; fileRef = EAD69EAD29B9124600B53673 /* CloudKitService+Preview.swift */; };
		EAD69EB029B9134200B53673 /* CloudKitService+Test.swift in Sources */ = {isa = PBXBuildFile; fileRef = EAD69EAF29B9134200B53673 /* CloudKitService+Test.swift */; };
		EAD69EB229B918D600B53673 /* CloudKitAccountStateSequence.swift in Sources */ = {isa = PBXBuildFile; fileRef = EAD69EB129B918D600B53673 /* CloudKitAccountStateSequence.swift */; };
		EAF87FD729AA3E86004133CF /* ThoughtsTypes.h in Headers */ = {isa = PBXBuildFile; fileRef = EAF87FD629AA3E86004133CF /* ThoughtsTypes.h */; settings = {ATTRIBUTES = (Public, ); }; };
		EAF87FDA29AA3E86004133CF /* ThoughtsTypes.framework in Frameworks */ = {isa = PBXBuildFile; fileRef = EAF87FD429AA3E86004133CF /* ThoughtsTypes.framework */; };
		EAF87FDB29AA3E86004133CF /* ThoughtsTypes.framework in Embed Frameworks */ = {isa = PBXBuildFile; fileRef = EAF87FD429AA3E86004133CF /* ThoughtsTypes.framework */; settings = {ATTRIBUTES = (CodeSignOnCopy, RemoveHeadersOnCopy, ); }; };
		EAF87FE029AA3EA8004133CF /* Thought.swift in Sources */ = {isa = PBXBuildFile; fileRef = EA10318D298E6CE8004819F5 /* Thought.swift */; };
		EAF87FE129AA3EB4004133CF /* TestSupport.swift in Sources */ = {isa = PBXBuildFile; fileRef = EA768BC129A1658600C65A00 /* TestSupport.swift */; };
		EAF87FE329AA4245004133CF /* CloudKitAccountState.swift in Sources */ = {isa = PBXBuildFile; fileRef = EAF87FE229AA4245004133CF /* CloudKitAccountState.swift */; };
		EAFD595629AF7AFB007B1E25 /* PreferencesServiceType.swift in Sources */ = {isa = PBXBuildFile; fileRef = EAFD595529AF7AFB007B1E25 /* PreferencesServiceType.swift */; };
		EAFD595829AF7B7B007B1E25 /* SettingsView.swift in Sources */ = {isa = PBXBuildFile; fileRef = EAFD595729AF7B7B007B1E25 /* SettingsView.swift */; };
		EAFD595A29AF7F79007B1E25 /* SettingsViewModel.swift in Sources */ = {isa = PBXBuildFile; fileRef = EAFD595929AF7F79007B1E25 /* SettingsViewModel.swift */; };
/* End PBXBuildFile section */

/* Begin PBXContainerItemProxy section */
		EA0B207D298E65D000462577 /* PBXContainerItemProxy */ = {
			isa = PBXContainerItemProxy;
			containerPortal = EA0B2063298E65CF00462577 /* Project object */;
			proxyType = 1;
			remoteGlobalIDString = EA0B206A298E65CF00462577;
			remoteInfo = Thoughts;
		};
		EA0B2087298E65D000462577 /* PBXContainerItemProxy */ = {
			isa = PBXContainerItemProxy;
			containerPortal = EA0B2063298E65CF00462577 /* Project object */;
			proxyType = 1;
			remoteGlobalIDString = EA0B206A298E65CF00462577;
			remoteInfo = Thoughts;
		};
		EAF87FD829AA3E86004133CF /* PBXContainerItemProxy */ = {
			isa = PBXContainerItemProxy;
			containerPortal = EA0B2063298E65CF00462577 /* Project object */;
			proxyType = 1;
			remoteGlobalIDString = EAF87FD329AA3E86004133CF;
			remoteInfo = ThoughtsTypes;
		};
/* End PBXContainerItemProxy section */

/* Begin PBXCopyFilesBuildPhase section */
		EAF87FDC29AA3E86004133CF /* Embed Frameworks */ = {
			isa = PBXCopyFilesBuildPhase;
			buildActionMask = 2147483647;
			dstPath = "";
			dstSubfolderSpec = 10;
			files = (
				EAF87FDB29AA3E86004133CF /* ThoughtsTypes.framework in Embed Frameworks */,
			);
			name = "Embed Frameworks";
			runOnlyForDeploymentPostprocessing = 0;
		};
/* End PBXCopyFilesBuildPhase section */

/* Begin PBXFileReference section */
		EA01123B299521F500AEEE55 /* iOSAppDelegate.swift */ = {isa = PBXFileReference; lastKnownFileType = sourcecode.swift; path = iOSAppDelegate.swift; sourceTree = "<group>"; };
		EA01123D2995220100AEEE55 /* macOSAppDelegate.swift */ = {isa = PBXFileReference; lastKnownFileType = sourcecode.swift; path = macOSAppDelegate.swift; sourceTree = "<group>"; };
		EA01123F29952A3600AEEE55 /* Info.plist */ = {isa = PBXFileReference; lastKnownFileType = text.plist; path = Info.plist; sourceTree = "<group>"; };
		EA0250D129B37CBE006B1465 /* Store+Preview.swift */ = {isa = PBXFileReference; lastKnownFileType = sourcecode.swift; path = "Store+Preview.swift"; sourceTree = "<group>"; };
		EA048C4629B9C65800FAF487 /* ThoughtsUITestsFixtures.swift */ = {isa = PBXFileReference; lastKnownFileType = sourcecode.swift; path = ThoughtsUITestsFixtures.swift; sourceTree = "<group>"; };
		EA0B206B298E65CF00462577 /* Thoughts.app */ = {isa = PBXFileReference; explicitFileType = wrapper.application; includeInIndex = 0; path = Thoughts.app; sourceTree = BUILT_PRODUCTS_DIR; };
		EA0B206E298E65CF00462577 /* ThoughtsApp.swift */ = {isa = PBXFileReference; lastKnownFileType = sourcecode.swift; path = ThoughtsApp.swift; sourceTree = "<group>"; };
		EA0B2070298E65CF00462577 /* ThoughtsView.swift */ = {isa = PBXFileReference; lastKnownFileType = sourcecode.swift; path = ThoughtsView.swift; sourceTree = "<group>"; };
		EA0B2072298E65D000462577 /* Assets.xcassets */ = {isa = PBXFileReference; lastKnownFileType = folder.assetcatalog; path = Assets.xcassets; sourceTree = "<group>"; };
		EA0B2074298E65D000462577 /* Thoughts.entitlements */ = {isa = PBXFileReference; lastKnownFileType = text.plist.entitlements; path = Thoughts.entitlements; sourceTree = "<group>"; };
		EA0B2076298E65D000462577 /* Preview Assets.xcassets */ = {isa = PBXFileReference; lastKnownFileType = folder.assetcatalog; path = "Preview Assets.xcassets"; sourceTree = "<group>"; };
		EA0B207C298E65D000462577 /* ThoughtsTests.xctest */ = {isa = PBXFileReference; explicitFileType = wrapper.cfbundle; includeInIndex = 0; path = ThoughtsTests.xctest; sourceTree = BUILT_PRODUCTS_DIR; };
		EA0B2086298E65D000462577 /* ThoughtsUITests.xctest */ = {isa = PBXFileReference; explicitFileType = wrapper.cfbundle; includeInIndex = 0; path = ThoughtsUITests.xctest; sourceTree = BUILT_PRODUCTS_DIR; };
		EA0B208A298E65D000462577 /* ThoughtsUITests.swift */ = {isa = PBXFileReference; lastKnownFileType = sourcecode.swift; path = ThoughtsUITests.swift; sourceTree = "<group>"; };
		EA0B208C298E65D000462577 /* ThoughtsUITestsLaunchTests.swift */ = {isa = PBXFileReference; lastKnownFileType = sourcecode.swift; path = ThoughtsUITestsLaunchTests.swift; sourceTree = "<group>"; };
		EA103185298E679C004819F5 /* OneThoughtView.swift */ = {isa = PBXFileReference; lastKnownFileType = sourcecode.swift; path = OneThoughtView.swift; sourceTree = "<group>"; };
		EA103188298E6B45004819F5 /* Store.swift */ = {isa = PBXFileReference; lastKnownFileType = sourcecode.swift; path = Store.swift; sourceTree = "<group>"; };
		EA10318A298E6B6B004819F5 /* OneThoughtViewModel.swift */ = {isa = PBXFileReference; lastKnownFileType = sourcecode.swift; path = OneThoughtViewModel.swift; sourceTree = "<group>"; };
		EA10318D298E6CE8004819F5 /* Thought.swift */ = {isa = PBXFileReference; lastKnownFileType = sourcecode.swift; path = Thought.swift; sourceTree = "<group>"; };
		EA10318F298E707C004819F5 /* ThoughtsViewModel.swift */ = {isa = PBXFileReference; lastKnownFileType = sourcecode.swift; path = ThoughtsViewModel.swift; sourceTree = "<group>"; };
		EA4279F329B3947E00BAE0CE /* Store+Live.swift */ = {isa = PBXFileReference; lastKnownFileType = sourcecode.swift; path = "Store+Live.swift"; sourceTree = "<group>"; };
		EA588CEC29913EC000DBACAA /* Library */ = {isa = PBXFileReference; lastKnownFileType = wrapper; name = Library; path = ../Tact/Library; sourceTree = "<group>"; };
		EA5A949A29B36BAD0049CB07 /* UserDefaultsPreferencesService.swift */ = {isa = PBXFileReference; lastKnownFileType = sourcecode.swift; path = UserDefaultsPreferencesService.swift; sourceTree = "<group>"; };
		EA768BBD29A161D800C65A00 /* SharedAppDelegate.swift */ = {isa = PBXFileReference; lastKnownFileType = sourcecode.swift; path = SharedAppDelegate.swift; sourceTree = "<group>"; };
		EA768BBF29A164CC00C65A00 /* Store+Mock.swift */ = {isa = PBXFileReference; lastKnownFileType = sourcecode.swift; path = "Store+Mock.swift"; sourceTree = "<group>"; };
		EA768BC129A1658600C65A00 /* TestSupport.swift */ = {isa = PBXFileReference; lastKnownFileType = sourcecode.swift; path = TestSupport.swift; sourceTree = "<group>"; };
		EA7D901A29912E0600E1CCE3 /* LocalCacheServiceType.swift */ = {isa = PBXFileReference; lastKnownFileType = sourcecode.swift; path = LocalCacheServiceType.swift; sourceTree = "<group>"; };
		EA7D901C29912F0A00E1CCE3 /* MockLocalCacheService.swift */ = {isa = PBXFileReference; lastKnownFileType = sourcecode.swift; path = MockLocalCacheService.swift; sourceTree = "<group>"; };
		EA7D901E2991303F00E1CCE3 /* LocalCacheService.swift */ = {isa = PBXFileReference; lastKnownFileType = sourcecode.swift; path = LocalCacheService.swift; sourceTree = "<group>"; };
		EAB6B92929918EE0005DF614 /* CloudKitServiceType.swift */ = {isa = PBXFileReference; lastKnownFileType = sourcecode.swift; path = CloudKitServiceType.swift; sourceTree = "<group>"; };
		EAB6B92B29918F7A005DF614 /* CloudKitService.swift */ = {isa = PBXFileReference; lastKnownFileType = sourcecode.swift; path = CloudKitService.swift; sourceTree = "<group>"; };
		EAB6B92F2991A032005DF614 /* StoreTests.swift */ = {isa = PBXFileReference; lastKnownFileType = sourcecode.swift; path = StoreTests.swift; sourceTree = "<group>"; };
		EACA3F5729B6311B00390A91 /* ThoughtRowView.swift */ = {isa = PBXFileReference; lastKnownFileType = sourcecode.swift; path = ThoughtRowView.swift; sourceTree = "<group>"; };
		EAD69EAD29B9124600B53673 /* CloudKitService+Preview.swift */ = {isa = PBXFileReference; lastKnownFileType = sourcecode.swift; path = "CloudKitService+Preview.swift"; sourceTree = "<group>"; };
		EAD69EAF29B9134200B53673 /* CloudKitService+Test.swift */ = {isa = PBXFileReference; lastKnownFileType = sourcecode.swift; path = "CloudKitService+Test.swift"; sourceTree = "<group>"; };
		EAD69EB129B918D600B53673 /* CloudKitAccountStateSequence.swift */ = {isa = PBXFileReference; lastKnownFileType = sourcecode.swift; path = CloudKitAccountStateSequence.swift; sourceTree = "<group>"; };
		EAF87FD429AA3E86004133CF /* ThoughtsTypes.framework */ = {isa = PBXFileReference; explicitFileType = wrapper.framework; includeInIndex = 0; path = ThoughtsTypes.framework; sourceTree = BUILT_PRODUCTS_DIR; };
		EAF87FD629AA3E86004133CF /* ThoughtsTypes.h */ = {isa = PBXFileReference; lastKnownFileType = sourcecode.c.h; path = ThoughtsTypes.h; sourceTree = "<group>"; };
		EAF87FE229AA4245004133CF /* CloudKitAccountState.swift */ = {isa = PBXFileReference; lastKnownFileType = sourcecode.swift; path = CloudKitAccountState.swift; sourceTree = "<group>"; };
		EAFD595529AF7AFB007B1E25 /* PreferencesServiceType.swift */ = {isa = PBXFileReference; lastKnownFileType = sourcecode.swift; path = PreferencesServiceType.swift; sourceTree = "<group>"; };
		EAFD595729AF7B7B007B1E25 /* SettingsView.swift */ = {isa = PBXFileReference; lastKnownFileType = sourcecode.swift; path = SettingsView.swift; sourceTree = "<group>"; };
		EAFD595929AF7F79007B1E25 /* SettingsViewModel.swift */ = {isa = PBXFileReference; lastKnownFileType = sourcecode.swift; path = SettingsViewModel.swift; sourceTree = "<group>"; };
/* End PBXFileReference section */

/* Begin PBXFrameworksBuildPhase section */
		EA0B2068298E65CF00462577 /* Frameworks */ = {
			isa = PBXFrameworksBuildPhase;
			buildActionMask = 2147483647;
			files = (
				EA588CEF29913ED400DBACAA /* Canopy in Frameworks */,
				EAF87FDA29AA3E86004133CF /* ThoughtsTypes.framework in Frameworks */,
				EA8B781229AE45290057E87D /* CanopyTestTools in Frameworks */,
				EA0112422995300800AEEE55 /* IdentifiedCollections in Frameworks */,
			);
			runOnlyForDeploymentPostprocessing = 0;
		};
		EA0B2079298E65D000462577 /* Frameworks */ = {
			isa = PBXFrameworksBuildPhase;
			buildActionMask = 2147483647;
			files = (
				EA8B781629AE453E0057E87D /* CanopyTestTools in Frameworks */,
			);
			runOnlyForDeploymentPostprocessing = 0;
		};
		EA0B2083298E65D000462577 /* Frameworks */ = {
			isa = PBXFrameworksBuildPhase;
			buildActionMask = 2147483647;
			files = (
				EA6E1CBB29AE63B2009195C6 /* CanopyTestTools in Frameworks */,
			);
			runOnlyForDeploymentPostprocessing = 0;
		};
		EAF87FD129AA3E86004133CF /* Frameworks */ = {
			isa = PBXFrameworksBuildPhase;
			buildActionMask = 2147483647;
			files = (
				EA6E1CB729AE639A009195C6 /* CanopyTestTools in Frameworks */,
			);
			runOnlyForDeploymentPostprocessing = 0;
		};
/* End PBXFrameworksBuildPhase section */

/* Begin PBXGroup section */
		EA011239299521E600AEEE55 /* macOS */ = {
			isa = PBXGroup;
			children = (
				EA01123D2995220100AEEE55 /* macOSAppDelegate.swift */,
			);
			path = macOS;
			sourceTree = "<group>";
		};
		EA01123A299521EB00AEEE55 /* iOS */ = {
			isa = PBXGroup;
			children = (
				EA01123B299521F500AEEE55 /* iOSAppDelegate.swift */,
			);
			path = iOS;
			sourceTree = "<group>";
		};
		EA0B2062298E65CF00462577 = {
			isa = PBXGroup;
			children = (
				EA588CEC29913EC000DBACAA /* Library */,
				EA0B206D298E65CF00462577 /* Thoughts */,
				EA0B207F298E65D000462577 /* ThoughtsTests */,
				EA0B2089298E65D000462577 /* ThoughtsUITests */,
				EAF87FD529AA3E86004133CF /* ThoughtsTypes */,
				EA0B206C298E65CF00462577 /* Products */,
				EA588CED29913ED400DBACAA /* Frameworks */,
			);
			sourceTree = "<group>";
		};
		EA0B206C298E65CF00462577 /* Products */ = {
			isa = PBXGroup;
			children = (
				EA0B206B298E65CF00462577 /* Thoughts.app */,
				EA0B207C298E65D000462577 /* ThoughtsTests.xctest */,
				EA0B2086298E65D000462577 /* ThoughtsUITests.xctest */,
				EAF87FD429AA3E86004133CF /* ThoughtsTypes.framework */,
			);
			name = Products;
			sourceTree = "<group>";
		};
		EA0B206D298E65CF00462577 /* Thoughts */ = {
			isa = PBXGroup;
			children = (
				EA5923FC29BF6174004188D0 /* Styling */,
				EA768BC929A1779A00C65A00 /* App */,
				EA103187298E6B3C004819F5 /* Store */,
				EA103184298E6695004819F5 /* Views */,
				EA01123F29952A3600AEEE55 /* Info.plist */,
				EA0B2072298E65D000462577 /* Assets.xcassets */,
				EA0B2074298E65D000462577 /* Thoughts.entitlements */,
				EA0B2075298E65D000462577 /* Preview Content */,
			);
			path = Thoughts;
			sourceTree = "<group>";
		};
		EA0B2075298E65D000462577 /* Preview Content */ = {
			isa = PBXGroup;
			children = (
				EA0B2076298E65D000462577 /* Preview Assets.xcassets */,
			);
			path = "Preview Content";
			sourceTree = "<group>";
		};
		EA0B207F298E65D000462577 /* ThoughtsTests */ = {
			isa = PBXGroup;
			children = (
				EAB6B92F2991A032005DF614 /* StoreTests.swift */,
			);
			path = ThoughtsTests;
			sourceTree = "<group>";
		};
		EA0B2089298E65D000462577 /* ThoughtsUITests */ = {
			isa = PBXGroup;
			children = (
				EA768BC329A16E6000C65A00 /* Fixtures */,
				EA0B208A298E65D000462577 /* ThoughtsUITests.swift */,
				EA0B208C298E65D000462577 /* ThoughtsUITestsLaunchTests.swift */,
			);
			path = ThoughtsUITests;
			sourceTree = "<group>";
		};
		EA103184298E6695004819F5 /* Views */ = {
			isa = PBXGroup;
			children = (
				EA0B2070298E65CF00462577 /* ThoughtsView.swift */,
				EA10318F298E707C004819F5 /* ThoughtsViewModel.swift */,
				EACA3F5729B6311B00390A91 /* ThoughtRowView.swift */,
				EA103185298E679C004819F5 /* OneThoughtView.swift */,
				EA10318A298E6B6B004819F5 /* OneThoughtViewModel.swift */,
				EAFD595729AF7B7B007B1E25 /* SettingsView.swift */,
				EAFD595929AF7F79007B1E25 /* SettingsViewModel.swift */,
			);
			path = Views;
			sourceTree = "<group>";
		};
		EA103187298E6B3C004819F5 /* Store */ = {
			isa = PBXGroup;
			children = (
				EAFD595429AF7A93007B1E25 /* PreferencesService */,
				EAB6B92829918EB7005DF614 /* CloudKitService */,
				EA7D901929912DF100E1CCE3 /* LocalCacheService */,
				EA103188298E6B45004819F5 /* Store.swift */,
				EA768BBF29A164CC00C65A00 /* Store+Mock.swift */,
				EA0250D129B37CBE006B1465 /* Store+Preview.swift */,
				EA4279F329B3947E00BAE0CE /* Store+Live.swift */,
			);
			path = Store;
			sourceTree = "<group>";
		};
		EA588CED29913ED400DBACAA /* Frameworks */ = {
			isa = PBXGroup;
			children = (
			);
			name = Frameworks;
			sourceTree = "<group>";
		};
		EA5923FC29BF6174004188D0 /* Styling */ = {
			isa = PBXGroup;
			children = (
			);
			path = Styling;
			sourceTree = "<group>";
		};
		EA768BC329A16E6000C65A00 /* Fixtures */ = {
			isa = PBXGroup;
			children = (
				EA048C4629B9C65800FAF487 /* ThoughtsUITestsFixtures.swift */,
			);
			path = Fixtures;
			sourceTree = "<group>";
		};
		EA768BC929A1779A00C65A00 /* App */ = {
			isa = PBXGroup;
			children = (
				EA0B206E298E65CF00462577 /* ThoughtsApp.swift */,
				EA768BBD29A161D800C65A00 /* SharedAppDelegate.swift */,
				EA01123A299521EB00AEEE55 /* iOS */,
				EA011239299521E600AEEE55 /* macOS */,
			);
			path = App;
			sourceTree = "<group>";
		};
		EA7D901929912DF100E1CCE3 /* LocalCacheService */ = {
			isa = PBXGroup;
			children = (
				EA7D901A29912E0600E1CCE3 /* LocalCacheServiceType.swift */,
				EA7D901C29912F0A00E1CCE3 /* MockLocalCacheService.swift */,
				EA7D901E2991303F00E1CCE3 /* LocalCacheService.swift */,
			);
			path = LocalCacheService;
			sourceTree = "<group>";
		};
		EAB6B92829918EB7005DF614 /* CloudKitService */ = {
			isa = PBXGroup;
			children = (
				EAB6B92929918EE0005DF614 /* CloudKitServiceType.swift */,
				EAB6B92B29918F7A005DF614 /* CloudKitService.swift */,
				EAD69EAD29B9124600B53673 /* CloudKitService+Preview.swift */,
				EAD69EAF29B9134200B53673 /* CloudKitService+Test.swift */,
				EAD69EB129B918D600B53673 /* CloudKitAccountStateSequence.swift */,
			);
			path = CloudKitService;
			sourceTree = "<group>";
		};
		EAF87FD529AA3E86004133CF /* ThoughtsTypes */ = {
			isa = PBXGroup;
			children = (
				EA768BC129A1658600C65A00 /* TestSupport.swift */,
				EA10318D298E6CE8004819F5 /* Thought.swift */,
				EAF87FD629AA3E86004133CF /* ThoughtsTypes.h */,
				EAF87FE229AA4245004133CF /* CloudKitAccountState.swift */,
			);
			path = ThoughtsTypes;
			sourceTree = "<group>";
		};
		EAFD595429AF7A93007B1E25 /* PreferencesService */ = {
			isa = PBXGroup;
			children = (
				EAFD595529AF7AFB007B1E25 /* PreferencesServiceType.swift */,
				EA5A949A29B36BAD0049CB07 /* UserDefaultsPreferencesService.swift */,
			);
			path = PreferencesService;
			sourceTree = "<group>";
		};
/* End PBXGroup section */

/* Begin PBXHeadersBuildPhase section */
		EAF87FCF29AA3E86004133CF /* Headers */ = {
			isa = PBXHeadersBuildPhase;
			buildActionMask = 2147483647;
			files = (
				EAF87FD729AA3E86004133CF /* ThoughtsTypes.h in Headers */,
			);
			runOnlyForDeploymentPostprocessing = 0;
		};
/* End PBXHeadersBuildPhase section */

/* Begin PBXNativeTarget section */
		EA0B206A298E65CF00462577 /* Thoughts */ = {
			isa = PBXNativeTarget;
			buildConfigurationList = EA0B2090298E65D000462577 /* Build configuration list for PBXNativeTarget "Thoughts" */;
			buildPhases = (
				EA0B2067298E65CF00462577 /* Sources */,
				EA0B2068298E65CF00462577 /* Frameworks */,
				EA0B2069298E65CF00462577 /* Resources */,
				EAF87FDC29AA3E86004133CF /* Embed Frameworks */,
			);
			buildRules = (
			);
			dependencies = (
				EAF87FD929AA3E86004133CF /* PBXTargetDependency */,
			);
			name = Thoughts;
			packageProductDependencies = (
				EA588CEE29913ED400DBACAA /* Canopy */,
				EA0112412995300800AEEE55 /* IdentifiedCollections */,
				EA8B781129AE45290057E87D /* CanopyTestTools */,
			);
			productName = Thoughts;
			productReference = EA0B206B298E65CF00462577 /* Thoughts.app */;
			productType = "com.apple.product-type.application";
		};
		EA0B207B298E65D000462577 /* ThoughtsTests */ = {
			isa = PBXNativeTarget;
			buildConfigurationList = EA0B2093298E65D000462577 /* Build configuration list for PBXNativeTarget "ThoughtsTests" */;
			buildPhases = (
				EA0B2078298E65D000462577 /* Sources */,
				EA0B2079298E65D000462577 /* Frameworks */,
				EA0B207A298E65D000462577 /* Resources */,
			);
			buildRules = (
			);
			dependencies = (
				EA8B781429AE45370057E87D /* PBXTargetDependency */,
				EA0B207E298E65D000462577 /* PBXTargetDependency */,
			);
			name = ThoughtsTests;
			packageProductDependencies = (
				EA8B781529AE453E0057E87D /* CanopyTestTools */,
			);
			productName = ThoughtsTests;
			productReference = EA0B207C298E65D000462577 /* ThoughtsTests.xctest */;
			productType = "com.apple.product-type.bundle.unit-test";
		};
		EA0B2085298E65D000462577 /* ThoughtsUITests */ = {
			isa = PBXNativeTarget;
			buildConfigurationList = EA0B2096298E65D000462577 /* Build configuration list for PBXNativeTarget "ThoughtsUITests" */;
			buildPhases = (
				EA0B2082298E65D000462577 /* Sources */,
				EA0B2083298E65D000462577 /* Frameworks */,
				EA0B2084298E65D000462577 /* Resources */,
			);
			buildRules = (
			);
			dependencies = (
				EA6E1CB929AE63AE009195C6 /* PBXTargetDependency */,
				EA0B2088298E65D000462577 /* PBXTargetDependency */,
			);
			name = ThoughtsUITests;
			packageProductDependencies = (
				EA6E1CBA29AE63B2009195C6 /* CanopyTestTools */,
			);
			productName = ThoughtsUITests;
			productReference = EA0B2086298E65D000462577 /* ThoughtsUITests.xctest */;
			productType = "com.apple.product-type.bundle.ui-testing";
		};
		EAF87FD329AA3E86004133CF /* ThoughtsTypes */ = {
			isa = PBXNativeTarget;
			buildConfigurationList = EAF87FDF29AA3E86004133CF /* Build configuration list for PBXNativeTarget "ThoughtsTypes" */;
			buildPhases = (
				EAF87FCF29AA3E86004133CF /* Headers */,
				EAF87FD029AA3E86004133CF /* Sources */,
				EAF87FD129AA3E86004133CF /* Frameworks */,
				EAF87FD229AA3E86004133CF /* Resources */,
			);
			buildRules = (
			);
			dependencies = (
				EA6E1CB529AE6385009195C6 /* PBXTargetDependency */,
			);
			name = ThoughtsTypes;
			packageProductDependencies = (
				EA6E1CB629AE639A009195C6 /* CanopyTestTools */,
			);
			productName = ThoughtsTypes;
			productReference = EAF87FD429AA3E86004133CF /* ThoughtsTypes.framework */;
			productType = "com.apple.product-type.framework";
		};
/* End PBXNativeTarget section */

/* Begin PBXProject section */
		EA0B2063298E65CF00462577 /* Project object */ = {
			isa = PBXProject;
			attributes = {
				BuildIndependentTargetsInParallel = 1;
				LastSwiftUpdateCheck = 1420;
				LastUpgradeCheck = 1420;
				TargetAttributes = {
					EA0B206A298E65CF00462577 = {
						CreatedOnToolsVersion = 14.2;
					};
					EA0B207B298E65D000462577 = {
						CreatedOnToolsVersion = 14.2;
						TestTargetID = EA0B206A298E65CF00462577;
					};
					EA0B2085298E65D000462577 = {
						CreatedOnToolsVersion = 14.2;
						TestTargetID = EA0B206A298E65CF00462577;
					};
					EAF87FD329AA3E86004133CF = {
						CreatedOnToolsVersion = 14.2;
					};
				};
			};
			buildConfigurationList = EA0B2066298E65CF00462577 /* Build configuration list for PBXProject "Thoughts" */;
			compatibilityVersion = "Xcode 14.0";
			developmentRegion = en;
			hasScannedForEncodings = 0;
			knownRegions = (
				en,
				Base,
			);
			mainGroup = EA0B2062298E65CF00462577;
			packageReferences = (
				EA0112402995300800AEEE55 /* XCRemoteSwiftPackageReference "swift-identified-collections" */,
			);
			productRefGroup = EA0B206C298E65CF00462577 /* Products */;
			projectDirPath = "";
			projectRoot = "";
			targets = (
				EA0B206A298E65CF00462577 /* Thoughts */,
				EA0B207B298E65D000462577 /* ThoughtsTests */,
				EA0B2085298E65D000462577 /* ThoughtsUITests */,
				EAF87FD329AA3E86004133CF /* ThoughtsTypes */,
			);
		};
/* End PBXProject section */

/* Begin PBXResourcesBuildPhase section */
		EA0B2069298E65CF00462577 /* Resources */ = {
			isa = PBXResourcesBuildPhase;
			buildActionMask = 2147483647;
			files = (
				EA0B2077298E65D000462577 /* Preview Assets.xcassets in Resources */,
				EA0B2073298E65D000462577 /* Assets.xcassets in Resources */,
			);
			runOnlyForDeploymentPostprocessing = 0;
		};
		EA0B207A298E65D000462577 /* Resources */ = {
			isa = PBXResourcesBuildPhase;
			buildActionMask = 2147483647;
			files = (
			);
			runOnlyForDeploymentPostprocessing = 0;
		};
		EA0B2084298E65D000462577 /* Resources */ = {
			isa = PBXResourcesBuildPhase;
			buildActionMask = 2147483647;
			files = (
			);
			runOnlyForDeploymentPostprocessing = 0;
		};
		EAF87FD229AA3E86004133CF /* Resources */ = {
			isa = PBXResourcesBuildPhase;
			buildActionMask = 2147483647;
			files = (
			);
			runOnlyForDeploymentPostprocessing = 0;
		};
/* End PBXResourcesBuildPhase section */

/* Begin PBXSourcesBuildPhase section */
		EA0B2067298E65CF00462577 /* Sources */ = {
			isa = PBXSourcesBuildPhase;
			buildActionMask = 2147483647;
			files = (
				EAB6B92C29918F7A005DF614 /* CloudKitService.swift in Sources */,
				EAFD595629AF7AFB007B1E25 /* PreferencesServiceType.swift in Sources */,
				EA7D901B29912E0600E1CCE3 /* LocalCacheServiceType.swift in Sources */,
				EA0B2071298E65CF00462577 /* ThoughtsView.swift in Sources */,
				EA01123E2995220100AEEE55 /* macOSAppDelegate.swift in Sources */,
				EAD69EB029B9134200B53673 /* CloudKitService+Test.swift in Sources */,
				EA0250D229B37CBE006B1465 /* Store+Preview.swift in Sources */,
				EAFD595A29AF7F79007B1E25 /* SettingsViewModel.swift in Sources */,
				EACA3F5829B6311B00390A91 /* ThoughtRowView.swift in Sources */,
				EA4279F429B3947E00BAE0CE /* Store+Live.swift in Sources */,
				EAB6B92A29918EE0005DF614 /* CloudKitServiceType.swift in Sources */,
				EA768BBE29A161D800C65A00 /* SharedAppDelegate.swift in Sources */,
				EA01123C299521F600AEEE55 /* iOSAppDelegate.swift in Sources */,
				EA7D901F2991303F00E1CCE3 /* LocalCacheService.swift in Sources */,
				EAD69EAE29B9124600B53673 /* CloudKitService+Preview.swift in Sources */,
				EA768BC029A164CC00C65A00 /* Store+Mock.swift in Sources */,
				EA103190298E707C004819F5 /* ThoughtsViewModel.swift in Sources */,
				EA103186298E679C004819F5 /* OneThoughtView.swift in Sources */,
				EA0B206F298E65CF00462577 /* ThoughtsApp.swift in Sources */,
				EAFD595829AF7B7B007B1E25 /* SettingsView.swift in Sources */,
				EA10318B298E6B6B004819F5 /* OneThoughtViewModel.swift in Sources */,
				EA103189298E6B45004819F5 /* Store.swift in Sources */,
				EA5A949B29B36BAD0049CB07 /* UserDefaultsPreferencesService.swift in Sources */,
				EA7D901D29912F0A00E1CCE3 /* MockLocalCacheService.swift in Sources */,
				EAD69EB229B918D600B53673 /* CloudKitAccountStateSequence.swift in Sources */,
			);
			runOnlyForDeploymentPostprocessing = 0;
		};
		EA0B2078298E65D000462577 /* Sources */ = {
			isa = PBXSourcesBuildPhase;
			buildActionMask = 2147483647;
			files = (
				EAB6B9302991A032005DF614 /* StoreTests.swift in Sources */,
			);
			runOnlyForDeploymentPostprocessing = 0;
		};
		EA0B2082298E65D000462577 /* Sources */ = {
			isa = PBXSourcesBuildPhase;
			buildActionMask = 2147483647;
			files = (
				EA0B208D298E65D000462577 /* ThoughtsUITestsLaunchTests.swift in Sources */,
				EA048C4729B9C65800FAF487 /* ThoughtsUITestsFixtures.swift in Sources */,
				EA0B208B298E65D000462577 /* ThoughtsUITests.swift in Sources */,
			);
			runOnlyForDeploymentPostprocessing = 0;
		};
		EAF87FD029AA3E86004133CF /* Sources */ = {
			isa = PBXSourcesBuildPhase;
			buildActionMask = 2147483647;
			files = (
				EAF87FE029AA3EA8004133CF /* Thought.swift in Sources */,
				EAF87FE329AA4245004133CF /* CloudKitAccountState.swift in Sources */,
				EAF87FE129AA3EB4004133CF /* TestSupport.swift in Sources */,
			);
			runOnlyForDeploymentPostprocessing = 0;
		};
/* End PBXSourcesBuildPhase section */

/* Begin PBXTargetDependency section */
		EA0B207E298E65D000462577 /* PBXTargetDependency */ = {
			isa = PBXTargetDependency;
			target = EA0B206A298E65CF00462577 /* Thoughts */;
			targetProxy = EA0B207D298E65D000462577 /* PBXContainerItemProxy */;
		};
		EA0B2088298E65D000462577 /* PBXTargetDependency */ = {
			isa = PBXTargetDependency;
			target = EA0B206A298E65CF00462577 /* Thoughts */;
			targetProxy = EA0B2087298E65D000462577 /* PBXContainerItemProxy */;
		};
		EA6E1CB529AE6385009195C6 /* PBXTargetDependency */ = {
			isa = PBXTargetDependency;
			productRef = EA6E1CB429AE6385009195C6 /* CanopyTestTools */;
		};
		EA6E1CB929AE63AE009195C6 /* PBXTargetDependency */ = {
			isa = PBXTargetDependency;
			productRef = EA6E1CB829AE63AE009195C6 /* CanopyTestTools */;
		};
		EA8B781429AE45370057E87D /* PBXTargetDependency */ = {
			isa = PBXTargetDependency;
			productRef = EA8B781329AE45370057E87D /* CanopyTestTools */;
		};
		EAF87FD929AA3E86004133CF /* PBXTargetDependency */ = {
			isa = PBXTargetDependency;
			target = EAF87FD329AA3E86004133CF /* ThoughtsTypes */;
			targetProxy = EAF87FD829AA3E86004133CF /* PBXContainerItemProxy */;
		};
/* End PBXTargetDependency section */

/* Begin XCBuildConfiguration section */
		EA0B208E298E65D000462577 /* Debug */ = {
			isa = XCBuildConfiguration;
			buildSettings = {
				ALWAYS_SEARCH_USER_PATHS = NO;
				CLANG_ANALYZER_NONNULL = YES;
				CLANG_ANALYZER_NUMBER_OBJECT_CONVERSION = YES_AGGRESSIVE;
				CLANG_CXX_LANGUAGE_STANDARD = "gnu++20";
				CLANG_ENABLE_MODULES = YES;
				CLANG_ENABLE_OBJC_ARC = YES;
				CLANG_ENABLE_OBJC_WEAK = YES;
				CLANG_WARN_BLOCK_CAPTURE_AUTORELEASING = YES;
				CLANG_WARN_BOOL_CONVERSION = YES;
				CLANG_WARN_COMMA = YES;
				CLANG_WARN_CONSTANT_CONVERSION = YES;
				CLANG_WARN_DEPRECATED_OBJC_IMPLEMENTATIONS = YES;
				CLANG_WARN_DIRECT_OBJC_ISA_USAGE = YES_ERROR;
				CLANG_WARN_DOCUMENTATION_COMMENTS = YES;
				CLANG_WARN_EMPTY_BODY = YES;
				CLANG_WARN_ENUM_CONVERSION = YES;
				CLANG_WARN_INFINITE_RECURSION = YES;
				CLANG_WARN_INT_CONVERSION = YES;
				CLANG_WARN_NON_LITERAL_NULL_CONVERSION = YES;
				CLANG_WARN_OBJC_IMPLICIT_RETAIN_SELF = YES;
				CLANG_WARN_OBJC_LITERAL_CONVERSION = YES;
				CLANG_WARN_OBJC_ROOT_CLASS = YES_ERROR;
				CLANG_WARN_QUOTED_INCLUDE_IN_FRAMEWORK_HEADER = YES;
				CLANG_WARN_RANGE_LOOP_ANALYSIS = YES;
				CLANG_WARN_STRICT_PROTOTYPES = YES;
				CLANG_WARN_SUSPICIOUS_MOVE = YES;
				CLANG_WARN_UNGUARDED_AVAILABILITY = YES_AGGRESSIVE;
				CLANG_WARN_UNREACHABLE_CODE = YES;
				CLANG_WARN__DUPLICATE_METHOD_MATCH = YES;
				COPY_PHASE_STRIP = NO;
				DEAD_CODE_STRIPPING = YES;
				DEBUG_INFORMATION_FORMAT = dwarf;
				ENABLE_STRICT_OBJC_MSGSEND = YES;
				ENABLE_TESTABILITY = YES;
				GCC_C_LANGUAGE_STANDARD = gnu11;
				GCC_DYNAMIC_NO_PIC = NO;
				GCC_NO_COMMON_BLOCKS = YES;
				GCC_OPTIMIZATION_LEVEL = 0;
				GCC_PREPROCESSOR_DEFINITIONS = (
					"DEBUG=1",
					"$(inherited)",
				);
				GCC_WARN_64_TO_32_BIT_CONVERSION = YES;
				GCC_WARN_ABOUT_RETURN_TYPE = YES_ERROR;
				GCC_WARN_UNDECLARED_SELECTOR = YES;
				GCC_WARN_UNINITIALIZED_AUTOS = YES_AGGRESSIVE;
				GCC_WARN_UNUSED_FUNCTION = YES;
				GCC_WARN_UNUSED_VARIABLE = YES;
				MTL_ENABLE_DEBUG_INFO = INCLUDE_SOURCE;
				MTL_FAST_MATH = YES;
				ONLY_ACTIVE_ARCH = YES;
				SWIFT_ACTIVE_COMPILATION_CONDITIONS = DEBUG;
				SWIFT_OPTIMIZATION_LEVEL = "-Onone";
			};
			name = Debug;
		};
		EA0B208F298E65D000462577 /* Release */ = {
			isa = XCBuildConfiguration;
			buildSettings = {
				ALWAYS_SEARCH_USER_PATHS = NO;
				CLANG_ANALYZER_NONNULL = YES;
				CLANG_ANALYZER_NUMBER_OBJECT_CONVERSION = YES_AGGRESSIVE;
				CLANG_CXX_LANGUAGE_STANDARD = "gnu++20";
				CLANG_ENABLE_MODULES = YES;
				CLANG_ENABLE_OBJC_ARC = YES;
				CLANG_ENABLE_OBJC_WEAK = YES;
				CLANG_WARN_BLOCK_CAPTURE_AUTORELEASING = YES;
				CLANG_WARN_BOOL_CONVERSION = YES;
				CLANG_WARN_COMMA = YES;
				CLANG_WARN_CONSTANT_CONVERSION = YES;
				CLANG_WARN_DEPRECATED_OBJC_IMPLEMENTATIONS = YES;
				CLANG_WARN_DIRECT_OBJC_ISA_USAGE = YES_ERROR;
				CLANG_WARN_DOCUMENTATION_COMMENTS = YES;
				CLANG_WARN_EMPTY_BODY = YES;
				CLANG_WARN_ENUM_CONVERSION = YES;
				CLANG_WARN_INFINITE_RECURSION = YES;
				CLANG_WARN_INT_CONVERSION = YES;
				CLANG_WARN_NON_LITERAL_NULL_CONVERSION = YES;
				CLANG_WARN_OBJC_IMPLICIT_RETAIN_SELF = YES;
				CLANG_WARN_OBJC_LITERAL_CONVERSION = YES;
				CLANG_WARN_OBJC_ROOT_CLASS = YES_ERROR;
				CLANG_WARN_QUOTED_INCLUDE_IN_FRAMEWORK_HEADER = YES;
				CLANG_WARN_RANGE_LOOP_ANALYSIS = YES;
				CLANG_WARN_STRICT_PROTOTYPES = YES;
				CLANG_WARN_SUSPICIOUS_MOVE = YES;
				CLANG_WARN_UNGUARDED_AVAILABILITY = YES_AGGRESSIVE;
				CLANG_WARN_UNREACHABLE_CODE = YES;
				CLANG_WARN__DUPLICATE_METHOD_MATCH = YES;
				COPY_PHASE_STRIP = NO;
				DEAD_CODE_STRIPPING = YES;
				DEBUG_INFORMATION_FORMAT = "dwarf-with-dsym";
				ENABLE_NS_ASSERTIONS = NO;
				ENABLE_STRICT_OBJC_MSGSEND = YES;
				GCC_C_LANGUAGE_STANDARD = gnu11;
				GCC_NO_COMMON_BLOCKS = YES;
				GCC_WARN_64_TO_32_BIT_CONVERSION = YES;
				GCC_WARN_ABOUT_RETURN_TYPE = YES_ERROR;
				GCC_WARN_UNDECLARED_SELECTOR = YES;
				GCC_WARN_UNINITIALIZED_AUTOS = YES_AGGRESSIVE;
				GCC_WARN_UNUSED_FUNCTION = YES;
				GCC_WARN_UNUSED_VARIABLE = YES;
				MTL_ENABLE_DEBUG_INFO = NO;
				MTL_FAST_MATH = YES;
				SWIFT_COMPILATION_MODE = wholemodule;
				SWIFT_OPTIMIZATION_LEVEL = "-O";
			};
			name = Release;
		};
		EA0B2091298E65D000462577 /* Debug */ = {
			isa = XCBuildConfiguration;
			buildSettings = {
				ALWAYS_EMBED_SWIFT_STANDARD_LIBRARIES = YES;
				ASSETCATALOG_COMPILER_APPICON_NAME = AppIcon;
				ASSETCATALOG_COMPILER_GLOBAL_ACCENT_COLOR_NAME = AccentColor;
				CODE_SIGN_ENTITLEMENTS = Thoughts/Thoughts.entitlements;
				CODE_SIGN_IDENTITY = "-";
				CODE_SIGN_STYLE = Automatic;
				CURRENT_PROJECT_VERSION = 1;
				DEAD_CODE_STRIPPING = YES;
				DEVELOPMENT_ASSET_PATHS = "\"Thoughts/Preview Content\"";
				DEVELOPMENT_TEAM = XZ84QTT4LC;
				ENABLE_HARDENED_RUNTIME = YES;
				ENABLE_PREVIEWS = YES;
				GENERATE_INFOPLIST_FILE = YES;
				INFOPLIST_FILE = Thoughts/Info.plist;
				INFOPLIST_KEY_LSApplicationCategoryType = "public.app-category.productivity";
				"INFOPLIST_KEY_UIApplicationSceneManifest_Generation[sdk=iphoneos*]" = YES;
				"INFOPLIST_KEY_UIApplicationSceneManifest_Generation[sdk=iphonesimulator*]" = YES;
				"INFOPLIST_KEY_UIApplicationSupportsIndirectInputEvents[sdk=iphoneos*]" = YES;
				"INFOPLIST_KEY_UIApplicationSupportsIndirectInputEvents[sdk=iphonesimulator*]" = YES;
				"INFOPLIST_KEY_UILaunchScreen_Generation[sdk=iphoneos*]" = YES;
				"INFOPLIST_KEY_UILaunchScreen_Generation[sdk=iphonesimulator*]" = YES;
				"INFOPLIST_KEY_UIStatusBarStyle[sdk=iphoneos*]" = UIStatusBarStyleDefault;
				"INFOPLIST_KEY_UIStatusBarStyle[sdk=iphonesimulator*]" = UIStatusBarStyleDefault;
				INFOPLIST_KEY_UISupportedInterfaceOrientations_iPad = "UIInterfaceOrientationPortrait UIInterfaceOrientationPortraitUpsideDown UIInterfaceOrientationLandscapeLeft UIInterfaceOrientationLandscapeRight";
				INFOPLIST_KEY_UISupportedInterfaceOrientations_iPhone = "UIInterfaceOrientationPortrait UIInterfaceOrientationLandscapeLeft UIInterfaceOrientationLandscapeRight";
				IPHONEOS_DEPLOYMENT_TARGET = 16.2;
				LD_RUNPATH_SEARCH_PATHS = "@executable_path/Frameworks";
				"LD_RUNPATH_SEARCH_PATHS[sdk=macosx*]" = "@executable_path/../Frameworks";
				MACOSX_DEPLOYMENT_TARGET = 13.1;
				MARKETING_VERSION = 1.0;
				PRODUCT_BUNDLE_IDENTIFIER = com.justtact.Thoughts;
				PRODUCT_NAME = "$(TARGET_NAME)";
				SDKROOT = auto;
				SUPPORTED_PLATFORMS = "iphoneos iphonesimulator macosx";
				SWIFT_EMIT_LOC_STRINGS = YES;
				SWIFT_VERSION = 5.0;
				TARGETED_DEVICE_FAMILY = "1,2";
			};
			name = Debug;
		};
		EA0B2092298E65D000462577 /* Release */ = {
			isa = XCBuildConfiguration;
			buildSettings = {
				ALWAYS_EMBED_SWIFT_STANDARD_LIBRARIES = YES;
				ASSETCATALOG_COMPILER_APPICON_NAME = AppIcon;
				ASSETCATALOG_COMPILER_GLOBAL_ACCENT_COLOR_NAME = AccentColor;
				CODE_SIGN_ENTITLEMENTS = Thoughts/Thoughts.entitlements;
				CODE_SIGN_IDENTITY = "-";
				CODE_SIGN_STYLE = Automatic;
				CURRENT_PROJECT_VERSION = 1;
				DEAD_CODE_STRIPPING = YES;
				DEVELOPMENT_ASSET_PATHS = "\"Thoughts/Preview Content\"";
				DEVELOPMENT_TEAM = XZ84QTT4LC;
				ENABLE_HARDENED_RUNTIME = YES;
				ENABLE_PREVIEWS = YES;
				GENERATE_INFOPLIST_FILE = YES;
				INFOPLIST_FILE = Thoughts/Info.plist;
				INFOPLIST_KEY_LSApplicationCategoryType = "public.app-category.productivity";
				"INFOPLIST_KEY_UIApplicationSceneManifest_Generation[sdk=iphoneos*]" = YES;
				"INFOPLIST_KEY_UIApplicationSceneManifest_Generation[sdk=iphonesimulator*]" = YES;
				"INFOPLIST_KEY_UIApplicationSupportsIndirectInputEvents[sdk=iphoneos*]" = YES;
				"INFOPLIST_KEY_UIApplicationSupportsIndirectInputEvents[sdk=iphonesimulator*]" = YES;
				"INFOPLIST_KEY_UILaunchScreen_Generation[sdk=iphoneos*]" = YES;
				"INFOPLIST_KEY_UILaunchScreen_Generation[sdk=iphonesimulator*]" = YES;
				"INFOPLIST_KEY_UIStatusBarStyle[sdk=iphoneos*]" = UIStatusBarStyleDefault;
				"INFOPLIST_KEY_UIStatusBarStyle[sdk=iphonesimulator*]" = UIStatusBarStyleDefault;
				INFOPLIST_KEY_UISupportedInterfaceOrientations_iPad = "UIInterfaceOrientationPortrait UIInterfaceOrientationPortraitUpsideDown UIInterfaceOrientationLandscapeLeft UIInterfaceOrientationLandscapeRight";
				INFOPLIST_KEY_UISupportedInterfaceOrientations_iPhone = "UIInterfaceOrientationPortrait UIInterfaceOrientationLandscapeLeft UIInterfaceOrientationLandscapeRight";
				IPHONEOS_DEPLOYMENT_TARGET = 16.2;
				LD_RUNPATH_SEARCH_PATHS = "@executable_path/Frameworks";
				"LD_RUNPATH_SEARCH_PATHS[sdk=macosx*]" = "@executable_path/../Frameworks";
				MACOSX_DEPLOYMENT_TARGET = 13.1;
				MARKETING_VERSION = 1.0;
				PRODUCT_BUNDLE_IDENTIFIER = com.justtact.Thoughts;
				PRODUCT_NAME = "$(TARGET_NAME)";
				SDKROOT = auto;
				SUPPORTED_PLATFORMS = "iphoneos iphonesimulator macosx";
				SWIFT_EMIT_LOC_STRINGS = YES;
				SWIFT_VERSION = 5.0;
				TARGETED_DEVICE_FAMILY = "1,2";
			};
			name = Release;
		};
		EA0B2094298E65D000462577 /* Debug */ = {
			isa = XCBuildConfiguration;
			buildSettings = {
				ALWAYS_EMBED_SWIFT_STANDARD_LIBRARIES = YES;
				BUNDLE_LOADER = "$(TEST_HOST)";
				CODE_SIGN_STYLE = Automatic;
				CURRENT_PROJECT_VERSION = 1;
				DEAD_CODE_STRIPPING = YES;
				DEVELOPMENT_TEAM = XZ84QTT4LC;
				GENERATE_INFOPLIST_FILE = YES;
				IPHONEOS_DEPLOYMENT_TARGET = 16.2;
				MACOSX_DEPLOYMENT_TARGET = 13.1;
				MARKETING_VERSION = 1.0;
				PRODUCT_BUNDLE_IDENTIFIER = com.justtact.ThoughtsTests;
				PRODUCT_NAME = "$(TARGET_NAME)";
				SDKROOT = auto;
				SUPPORTED_PLATFORMS = "iphoneos iphonesimulator macosx";
				SWIFT_EMIT_LOC_STRINGS = NO;
				SWIFT_VERSION = 5.0;
				TARGETED_DEVICE_FAMILY = "1,2";
				TEST_HOST = "$(BUILT_PRODUCTS_DIR)/Thoughts.app/$(BUNDLE_EXECUTABLE_FOLDER_PATH)/Thoughts";
			};
			name = Debug;
		};
		EA0B2095298E65D000462577 /* Release */ = {
			isa = XCBuildConfiguration;
			buildSettings = {
				ALWAYS_EMBED_SWIFT_STANDARD_LIBRARIES = YES;
				BUNDLE_LOADER = "$(TEST_HOST)";
				CODE_SIGN_STYLE = Automatic;
				CURRENT_PROJECT_VERSION = 1;
				DEAD_CODE_STRIPPING = YES;
				DEVELOPMENT_TEAM = XZ84QTT4LC;
				GENERATE_INFOPLIST_FILE = YES;
				IPHONEOS_DEPLOYMENT_TARGET = 16.2;
				MACOSX_DEPLOYMENT_TARGET = 13.1;
				MARKETING_VERSION = 1.0;
				PRODUCT_BUNDLE_IDENTIFIER = com.justtact.ThoughtsTests;
				PRODUCT_NAME = "$(TARGET_NAME)";
				SDKROOT = auto;
				SUPPORTED_PLATFORMS = "iphoneos iphonesimulator macosx";
				SWIFT_EMIT_LOC_STRINGS = NO;
				SWIFT_VERSION = 5.0;
				TARGETED_DEVICE_FAMILY = "1,2";
				TEST_HOST = "$(BUILT_PRODUCTS_DIR)/Thoughts.app/$(BUNDLE_EXECUTABLE_FOLDER_PATH)/Thoughts";
			};
			name = Release;
		};
		EA0B2097298E65D000462577 /* Debug */ = {
			isa = XCBuildConfiguration;
			buildSettings = {
				ALWAYS_EMBED_SWIFT_STANDARD_LIBRARIES = YES;
				CODE_SIGN_STYLE = Automatic;
				CURRENT_PROJECT_VERSION = 1;
				DEAD_CODE_STRIPPING = YES;
				DEVELOPMENT_TEAM = XZ84QTT4LC;
				GENERATE_INFOPLIST_FILE = YES;
				IPHONEOS_DEPLOYMENT_TARGET = 16.2;
				MACOSX_DEPLOYMENT_TARGET = 13.1;
				MARKETING_VERSION = 1.0;
				PRODUCT_BUNDLE_IDENTIFIER = com.justtact.ThoughtsUITests;
				PRODUCT_NAME = "$(TARGET_NAME)";
				SDKROOT = auto;
				SUPPORTED_PLATFORMS = "iphoneos iphonesimulator macosx";
				SWIFT_EMIT_LOC_STRINGS = NO;
				SWIFT_VERSION = 5.0;
				TARGETED_DEVICE_FAMILY = "1,2";
				TEST_TARGET_NAME = Thoughts;
			};
			name = Debug;
		};
		EA0B2098298E65D000462577 /* Release */ = {
			isa = XCBuildConfiguration;
			buildSettings = {
				ALWAYS_EMBED_SWIFT_STANDARD_LIBRARIES = YES;
				CODE_SIGN_STYLE = Automatic;
				CURRENT_PROJECT_VERSION = 1;
				DEAD_CODE_STRIPPING = YES;
				DEVELOPMENT_TEAM = XZ84QTT4LC;
				GENERATE_INFOPLIST_FILE = YES;
				IPHONEOS_DEPLOYMENT_TARGET = 16.2;
				MACOSX_DEPLOYMENT_TARGET = 13.1;
				MARKETING_VERSION = 1.0;
				PRODUCT_BUNDLE_IDENTIFIER = com.justtact.ThoughtsUITests;
				PRODUCT_NAME = "$(TARGET_NAME)";
				SDKROOT = auto;
				SUPPORTED_PLATFORMS = "iphoneos iphonesimulator macosx";
				SWIFT_EMIT_LOC_STRINGS = NO;
				SWIFT_VERSION = 5.0;
				TARGETED_DEVICE_FAMILY = "1,2";
				TEST_TARGET_NAME = Thoughts;
			};
			name = Release;
		};
		EAF87FDD29AA3E86004133CF /* Debug */ = {
			isa = XCBuildConfiguration;
			buildSettings = {
				CODE_SIGN_STYLE = Automatic;
				CURRENT_PROJECT_VERSION = 1;
				DEAD_CODE_STRIPPING = YES;
				DEFINES_MODULE = YES;
				DEVELOPMENT_TEAM = XZ84QTT4LC;
				DYLIB_COMPATIBILITY_VERSION = 1;
				DYLIB_CURRENT_VERSION = 1;
				DYLIB_INSTALL_NAME_BASE = "@rpath";
				GENERATE_INFOPLIST_FILE = YES;
				INFOPLIST_KEY_NSHumanReadableCopyright = "";
				INSTALL_PATH = "$(LOCAL_LIBRARY_DIR)/Frameworks";
				IPHONEOS_DEPLOYMENT_TARGET = 16.2;
				LD_RUNPATH_SEARCH_PATHS = (
					"@executable_path/Frameworks",
					"@loader_path/Frameworks",
				);
				"LD_RUNPATH_SEARCH_PATHS[sdk=macosx*]" = (
					"@executable_path/../Frameworks",
					"@loader_path/Frameworks",
				);
				MACOSX_DEPLOYMENT_TARGET = 13.1;
				MARKETING_VERSION = 1.0;
				PRODUCT_BUNDLE_IDENTIFIER = com.justtact.ThoughtsTypes;
				PRODUCT_NAME = "$(TARGET_NAME:c99extidentifier)";
				SDKROOT = auto;
				SKIP_INSTALL = YES;
				SUPPORTED_PLATFORMS = "iphoneos iphonesimulator macosx";
				SWIFT_EMIT_LOC_STRINGS = YES;
				SWIFT_VERSION = 5.0;
				TARGETED_DEVICE_FAMILY = "1,2";
				VERSIONING_SYSTEM = "apple-generic";
				VERSION_INFO_PREFIX = "";
			};
			name = Debug;
		};
		EAF87FDE29AA3E86004133CF /* Release */ = {
			isa = XCBuildConfiguration;
			buildSettings = {
				CODE_SIGN_STYLE = Automatic;
				CURRENT_PROJECT_VERSION = 1;
				DEAD_CODE_STRIPPING = YES;
				DEFINES_MODULE = YES;
				DEVELOPMENT_TEAM = XZ84QTT4LC;
				DYLIB_COMPATIBILITY_VERSION = 1;
				DYLIB_CURRENT_VERSION = 1;
				DYLIB_INSTALL_NAME_BASE = "@rpath";
				GENERATE_INFOPLIST_FILE = YES;
				INFOPLIST_KEY_NSHumanReadableCopyright = "";
				INSTALL_PATH = "$(LOCAL_LIBRARY_DIR)/Frameworks";
				IPHONEOS_DEPLOYMENT_TARGET = 16.2;
				LD_RUNPATH_SEARCH_PATHS = (
					"@executable_path/Frameworks",
					"@loader_path/Frameworks",
				);
				"LD_RUNPATH_SEARCH_PATHS[sdk=macosx*]" = (
					"@executable_path/../Frameworks",
					"@loader_path/Frameworks",
				);
				MACOSX_DEPLOYMENT_TARGET = 13.1;
				MARKETING_VERSION = 1.0;
				PRODUCT_BUNDLE_IDENTIFIER = com.justtact.ThoughtsTypes;
				PRODUCT_NAME = "$(TARGET_NAME:c99extidentifier)";
				SDKROOT = auto;
				SKIP_INSTALL = YES;
				SUPPORTED_PLATFORMS = "iphoneos iphonesimulator macosx";
				SWIFT_EMIT_LOC_STRINGS = YES;
				SWIFT_VERSION = 5.0;
				TARGETED_DEVICE_FAMILY = "1,2";
				VERSIONING_SYSTEM = "apple-generic";
				VERSION_INFO_PREFIX = "";
			};
			name = Release;
		};
/* End XCBuildConfiguration section */

/* Begin XCConfigurationList section */
		EA0B2066298E65CF00462577 /* Build configuration list for PBXProject "Thoughts" */ = {
			isa = XCConfigurationList;
			buildConfigurations = (
				EA0B208E298E65D000462577 /* Debug */,
				EA0B208F298E65D000462577 /* Release */,
			);
			defaultConfigurationIsVisible = 0;
			defaultConfigurationName = Release;
		};
		EA0B2090298E65D000462577 /* Build configuration list for PBXNativeTarget "Thoughts" */ = {
			isa = XCConfigurationList;
			buildConfigurations = (
				EA0B2091298E65D000462577 /* Debug */,
				EA0B2092298E65D000462577 /* Release */,
			);
			defaultConfigurationIsVisible = 0;
			defaultConfigurationName = Release;
		};
		EA0B2093298E65D000462577 /* Build configuration list for PBXNativeTarget "ThoughtsTests" */ = {
			isa = XCConfigurationList;
			buildConfigurations = (
				EA0B2094298E65D000462577 /* Debug */,
				EA0B2095298E65D000462577 /* Release */,
			);
			defaultConfigurationIsVisible = 0;
			defaultConfigurationName = Release;
		};
		EA0B2096298E65D000462577 /* Build configuration list for PBXNativeTarget "ThoughtsUITests" */ = {
			isa = XCConfigurationList;
			buildConfigurations = (
				EA0B2097298E65D000462577 /* Debug */,
				EA0B2098298E65D000462577 /* Release */,
			);
			defaultConfigurationIsVisible = 0;
			defaultConfigurationName = Release;
		};
		EAF87FDF29AA3E86004133CF /* Build configuration list for PBXNativeTarget "ThoughtsTypes" */ = {
			isa = XCConfigurationList;
			buildConfigurations = (
				EAF87FDD29AA3E86004133CF /* Debug */,
				EAF87FDE29AA3E86004133CF /* Release */,
			);
			defaultConfigurationIsVisible = 0;
			defaultConfigurationName = Release;
		};
/* End XCConfigurationList section */

/* Begin XCRemoteSwiftPackageReference section */
		EA0112402995300800AEEE55 /* XCRemoteSwiftPackageReference "swift-identified-collections" */ = {
			isa = XCRemoteSwiftPackageReference;
			repositoryURL = "https://github.com/pointfreeco/swift-identified-collections";
			requirement = {
				kind = upToNextMajorVersion;
				minimumVersion = 0.6.0;
			};
		};
/* End XCRemoteSwiftPackageReference section */

/* Begin XCSwiftPackageProductDependency section */
		EA0112412995300800AEEE55 /* IdentifiedCollections */ = {
			isa = XCSwiftPackageProductDependency;
			package = EA0112402995300800AEEE55 /* XCRemoteSwiftPackageReference "swift-identified-collections" */;
			productName = IdentifiedCollections;
		};
		EA588CEE29913ED400DBACAA /* Canopy */ = {
			isa = XCSwiftPackageProductDependency;
			productName = Canopy;
		};
		EA6E1CB429AE6385009195C6 /* CanopyTestTools */ = {
			isa = XCSwiftPackageProductDependency;
			productName = CanopyTestTools;
		};
		EA6E1CB629AE639A009195C6 /* CanopyTestTools */ = {
			isa = XCSwiftPackageProductDependency;
			productName = CanopyTestTools;
		};
		EA6E1CB829AE63AE009195C6 /* CanopyTestTools */ = {
			isa = XCSwiftPackageProductDependency;
			productName = CanopyTestTools;
		};
		EA6E1CBA29AE63B2009195C6 /* CanopyTestTools */ = {
			isa = XCSwiftPackageProductDependency;
			productName = CanopyTestTools;
		};
		EA8B781129AE45290057E87D /* CanopyTestTools */ = {
			isa = XCSwiftPackageProductDependency;
			productName = CanopyTestTools;
		};
		EA8B781329AE45370057E87D /* CanopyTestTools */ = {
			isa = XCSwiftPackageProductDependency;
			productName = CanopyTestTools;
		};
		EA8B781529AE453E0057E87D /* CanopyTestTools */ = {
			isa = XCSwiftPackageProductDependency;
			productName = CanopyTestTools;
		};
/* End XCSwiftPackageProductDependency section */
	};
	rootObject = EA0B2063298E65CF00462577 /* Project object */;
}
